# This file is autogenerated, do not edit; changes may be undone by the next 'dep ensure'.


[[projects]]
  digest = "1:6098222470fe0172157ce9bbef5d2200df4edde17ee649c5d6e48330e4afa4c6"
  name = "github.com/dgrijalva/jwt-go"
  packages = ["."]
  pruneopts = ""
  revision = "06ea1031745cb8b3dab3f6a236daf2b0aa468b7e"
  version = "v3.2.0"

[[projects]]
  digest = "1:529d738b7976c3848cae5cf3a8036440166835e389c1f617af701eeb12a0518d"
  name = "github.com/golang/protobuf"
  packages = [
    "jsonpb",
    "proto",
    "protoc-gen-go/descriptor",
    "protoc-gen-go/generator",
    "protoc-gen-go/generator/internal/remap",
    "protoc-gen-go/plugin",
    "ptypes",
    "ptypes/any",
    "ptypes/duration",
    "ptypes/struct",
    "ptypes/timestamp",
    "ptypes/wrappers",
  ]
  pruneopts = ""
  revision = "b5d812f8a3706043e23a9cd5babf2e5423744d30"
  version = "v1.3.1"

[[projects]]
  digest = "1:ad92aa49f34cbc3546063c7eb2cabb55ee2278b72842eda80e2a20a8a06a8d73"
  name = "github.com/google/uuid"
  packages = ["."]
  pruneopts = ""
  revision = "0cd6bf5da1e1c83f8b45653022c74f71af0538a4"
  version = "v1.1.1"

[[projects]]
  digest = "1:6e87163a02e172de60dc68c263b375079f6b08fe81d32611fe12ffadd673b1b8"
  name = "github.com/grpc-ecosystem/grpc-gateway"
  packages = [
    "internal",
    "runtime",
    "utilities",
  ]
  pruneopts = ""
  revision = "20f268a412e5b342ebfb1a0eef7c3b7bd6c260ea"
  version = "v1.8.5"

[[projects]]
  digest = "1:85f8f8d390a03287a563e215ea6bd0610c858042731a8b42062435a0dcbc485f"
  name = "github.com/hashicorp/golang-lru"
  packages = [
    ".",
    "simplelru",
  ]
  pruneopts = ""
  revision = "7087cb70de9f7a8bc0a10c375cb0d2280a8edf9c"
  version = "v0.5.1"

[[projects]]
  digest = "1:870d441fe217b8e689d7949fef6e43efbc787e50f200cb1e70dbca9204a1d6be"
  name = "github.com/inconshreveable/mousetrap"
  packages = ["."]
  pruneopts = ""
  revision = "76626ae9c91c4f2a10f34cad8ce83ea42c93bb75"
  version = "v1.0"

[[projects]]
  digest = "1:a486d497d472aa8e512b2606c71deab216bbcc1906c1f6b5eaf49d3d4d065671"
  name = "github.com/nalej/authx"
  packages = [
    "pkg/interceptor",
    "pkg/interceptor/devinterceptor",
    "pkg/token",
  ]
  pruneopts = ""
  revision = "cb686d42a6d4791d5103a2af700af04a90e86cd1"
  version = "v0.2.0"

[[projects]]
  digest = "1:1e1800b6354ac0f6c22ada1f0fbc3f086a35bc5d591a88f3a3474c7357cf483b"
  name = "github.com/nalej/authx-interceptors"
  packages = [
    "pkg/interceptor/apikey",
    "pkg/interceptor/config",
  ]
  pruneopts = ""
  revision = "f6e10135723fef56bd95b181abdb3a0410cc3bd1"
  version = "v0.1.0"

[[projects]]
  digest = "1:0cc441f3dfe124dd74f44dd7e466dfc17cc7edff468094fbc3847a96b5ebf6f7"
  name = "github.com/nalej/derrors"
  packages = ["."]
  pruneopts = ""
  revision = "7a6df7f0bb1c7cddfec82c91119f193f6fcbc9d5"
  version = "v2.0.0"

[[projects]]
  digest = "1:4a4ca6c7af82c7affed2a8c8c51ad4ea318c8fd1e6126e17ee915303c0f7faeb"
  name = "github.com/nalej/device-api"
  packages = ["version"]
  pruneopts = ""
  revision = "9383a7b680f83d5b18274e329087675b5aa3e7f9"
  version = "v0.2.0"

[[projects]]
  digest = "1:9066555014995d4d3e0550d8ed2a5fa72861316b37faebc2d4ab0fa2e04de78a"
  name = "github.com/nalej/grpc-application-go"
  packages = ["."]
  pruneopts = ""
  revision = "4a2436533e5eff49040c92ae682bfb1a9548c257"
  version = "v0.0.71"

[[projects]]
  digest = "1:f1933a3cd0406660bf6833f534b581777c83ef6724729bcec681c6c8552dd4ed"
  name = "github.com/nalej/grpc-authx-go"
  packages = ["."]
  pruneopts = ""
  revision = "c947352f48f304d64cee074ed365cb27ee2fd228"
  version = "v0.0.44"

[[projects]]
  digest = "1:46de8e777e399093354063d3df58f7f7c7c3bb5ca64bd4b80fea936d1d70ee02"
  name = "github.com/nalej/grpc-cluster-api-go"
  packages = ["."]
  pruneopts = ""
  revision = "52dea208510b931f8c0bd3ff49d0f29170e595a4"
  version = "v0.0.18"

[[projects]]
  digest = "1:44f7426538411ea9f774f96e3b102decc9f549b188e55e29ecc15be69542a96b"
  name = "github.com/nalej/grpc-common-go"
  packages = ["."]
  pruneopts = ""
  revision = "e1513decc4192934536180d456748a4c3dec0245"
  version = "v0.0.30"

[[projects]]
  digest = "1:3974afbfa67f9a632312b0e1a561054f81504812adabc880e16645dec04c93dd"
  name = "github.com/nalej/grpc-conductor-go"
  packages = ["."]
  pruneopts = ""
  revision = "d6126a7e533cf39a1f7c705219ec9ab18f924996"
  version = "v0.0.88"

[[projects]]
  digest = "1:09b0c5ced97663174c5a0c6abc65065a86b80affdc15fd7354e70b52caa12a5d"
  name = "github.com/nalej/grpc-device-controller-go"
  packages = ["."]
  pruneopts = ""
  revision = "c147b9d3fb9f0690680589f360d8a3ee4d4d842c"
  version = "v0.0.7"

[[projects]]
  digest = "1:1920b2eec79835636c20bfe1b5aafc6e4e5161a04cac4ee030de14425107c530"
  name = "github.com/nalej/grpc-device-go"
  packages = ["."]
  pruneopts = ""
  revision = "0f227ad00e2d1ff1d915ba0258465c39267a578e"
  version = "v0.0.33"

[[projects]]
  digest = "1:3a46d87ce92d975820994f1bc3e3c47cbd948e8af376e7966b49901a125bf081"
  name = "github.com/nalej/grpc-infrastructure-go"
  packages = ["."]
  pruneopts = ""
  revision = "3e7e897e7f99ec685967a0b2fd731f71586e2d1f"
  version = "v0.0.34"

[[projects]]
  digest = "1:0244418fc7f34bd059fcbb2d152485380beb62568240cefd3ff738b5b5693d0c"
  name = "github.com/nalej/grpc-inventory-go"
  packages = ["."]
  pruneopts = ""
  revision = "5f03937b809ef885ecfa0886a68e4cf200eb211f"
  version = "v0.0.2"

[[projects]]
  digest = "1:dc60a6129fc9b0759700f861a7ebc6d469cf9f411d3e20619bf08fa132a243c3"
  name = "github.com/nalej/grpc-inventory-manager-go"
  packages = ["."]
  pruneopts = ""
  revision = "0a92b87ac9b8e90da2f9ab5c9652124d721cebbf"
  version = "v0.0.4"

[[projects]]
  digest = "1:858ed50179eb722fdf9a577f37186f7a932304d32d2b4a49f8b58c06266a43e1"
  name = "github.com/nalej/grpc-login-api-go"
  packages = ["."]
  pruneopts = ""
  revision = "f9b38bbf198bc518f7906c8d7e16dd4e5c8ee3b0"
  version = "v0.0.21"

[[projects]]
  digest = "1:031b9144b9c2321b929d898bd6b335c93288d3fa4f4ea85f1a00d48d437b2334"
  name = "github.com/nalej/grpc-network-go"
  packages = ["."]
  pruneopts = ""
  revision = "2c104433588c682fe46f5c8abdededfdb462f630"
  version = "v0.0.31"

[[projects]]
  digest = "1:9921e275160e1559963d6452a918027db3563746fd03f63369ab104c0fbf16bf"
  name = "github.com/nalej/grpc-organization-go"
  packages = ["."]
  pruneopts = ""
  revision = "c571882666c05213df408ae9da8ab08f71a7a7bb"
  version = "v0.0.28"

[[projects]]
  digest = "1:2b6ef08f73e4e40c25b3cbe313d9727cf01210696fe73af5a03231f5a1a4fb21"
  name = "github.com/nalej/grpc-user-go"
  packages = ["."]
  pruneopts = ""
  revision = "8ecd6a2ce62ad6167d10288c5decd043bfb0ac72"
  version = "v0.0.29"

[[projects]]
  digest = "1:347aace88c837e2b1b65a7c603e1b74066e3ad9c26343a2001649e3a2354591b"
  name = "github.com/nalej/grpc-utils"
  packages = ["pkg/conversions"]
  pruneopts = ""
  revision = "926e5152669ee71c0e6904055ebe6cfb5492b599"
  version = "v1.4.0"

[[projects]]
  digest = "1:3b6d6b1b349b7a4e3325572853b9e1f95b7f87950be55ae3317f8c91fb878d00"
  name = "github.com/rs/zerolog"
  packages = [
    ".",
    "internal/cbor",
    "internal/json",
    "log",
  ]
  pruneopts = ""
  revision = "acf3980132bfcdc48638724e6e3d9e5749b85999"
  version = "v1.14.3"

[[projects]]
  digest = "1:a1403cc8a94b8d7956ee5e9694badef0e7b051af289caad1cf668331e3ffa4f6"
  name = "github.com/spf13/cobra"
  packages = ["."]
  pruneopts = ""
  revision = "ef82de70bb3f60c65fb8eebacbb2d122ef517385"
  version = "v0.0.3"

[[projects]]
  digest = "1:cbaf13cdbfef0e4734ed8a7504f57fe893d471d62a35b982bf6fb3f036449a66"
  name = "github.com/spf13/pflag"
  packages = ["."]
  pruneopts = ""
  revision = "298182f68c66c05229eb03ac171abe6e309ee79a"
  version = "v1.0.3"

[[projects]]
  branch = "master"
  digest = "1:368c063ff749ce9640ae6b8b7ce31b863f351b3ce24687ddd78d3c005b9fe248"
  name = "golang.org/x/net"
  packages = [
    "context",
    "http/httpguts",
    "http2",
    "http2/hpack",
    "idna",
    "internal/timeseries",
    "trace",
  ]
  pruneopts = ""
  revision = "4829fb13d2c62012c17688fa7f629f371014946d"

[[projects]]
  branch = "master"
  digest = "1:f6a8f7cfba7f30f86ddd4b7c0f9ee15e3963ea23730e7c3a9b11945508557a82"
  name = "golang.org/x/sys"
  packages = ["unix"]
  pruneopts = ""
  revision = "16072639606ea9e22c7d86e4cbd6af6314f4193c"

[[projects]]
  digest = "1:740b51a55815493a8d0f2b1e0d0ae48fe48953bf7eaf3fcc4198823bf67768c0"
  name = "golang.org/x/text"
  packages = [
    "collate",
    "collate/build",
    "internal/colltab",
    "internal/gen",
    "internal/language",
    "internal/language/compact",
    "internal/tag",
    "internal/triegen",
    "internal/ucd",
    "language",
    "secure/bidirule",
    "transform",
    "unicode/bidi",
    "unicode/cldr",
    "unicode/norm",
    "unicode/rangetable",
  ]
  pruneopts = ""
  revision = "342b2e1fbaa52c93f31447ad2c6abc048c63e475"
  version = "v0.3.2"

[[projects]]
  branch = "master"
  digest = "1:1fd2aac86d11f64e62d7c1cb2642e7927cd6deb83ff6fef7f39b015c3e1defa6"
  name = "google.golang.org/genproto"
  packages = [
    "googleapis/api/annotations",
    "googleapis/api/httpbody",
    "googleapis/rpc/errdetails",
    "googleapis/rpc/status",
    "protobuf/field_mask",
  ]
  pruneopts = ""
  revision = "357c62f0e4bbba7e6cc403ae09edcf3e2b9028fe"

[[projects]]
  digest = "1:afc1b03a6d5ba3cbb2e0a12133e734d472e4df3b65f06e600a3d57a4b82f26cc"
  name = "google.golang.org/grpc"
  packages = [
    ".",
    "balancer",
    "balancer/base",
    "balancer/roundrobin",
    "binarylog/grpc_binarylog_v1",
    "codes",
    "connectivity",
    "credentials",
    "credentials/internal",
    "encoding",
    "encoding/proto",
    "grpclog",
    "internal",
    "internal/backoff",
    "internal/balancerload",
    "internal/binarylog",
    "internal/channelz",
    "internal/envconfig",
    "internal/grpcrand",
    "internal/grpcsync",
    "internal/syscall",
    "internal/transport",
    "keepalive",
    "metadata",
    "naming",
    "peer",
    "resolver",
    "resolver/dns",
    "resolver/passthrough",
    "stats",
    "status",
    "tap",
  ]
  pruneopts = ""
  revision = "25c4f928eaa6d96443009bd842389fb4fa48664e"
  version = "v1.20.1"

[solve-meta]
  analyzer-name = "dep"
  analyzer-version = 1
  input-imports = [
    "github.com/nalej/authx-interceptors/pkg/interceptor/apikey",
    "github.com/nalej/authx-interceptors/pkg/interceptor/config",
    "github.com/nalej/authx/pkg/interceptor",
    "github.com/nalej/derrors",
    "github.com/nalej/device-api/version",
    "github.com/nalej/grpc-authx-go",
    "github.com/nalej/grpc-cluster-api-go",
    "github.com/nalej/grpc-inventory-manager-go",
    "github.com/rs/zerolog",
    "github.com/rs/zerolog/log",
    "github.com/spf13/cobra",
    "google.golang.org/grpc",
  ]
  solver-name = "gps-cdcl"
  solver-version = 1
